{
  "version": 4,
  "terraform_version": "1.2.4",
  "serial": 19,
  "lineage": "b71112ca-4610-dafa-2af3-f280905e5a62",
  "outputs": {},
  "resources": [
    {
      "mode": "data",
      "type": "archive_file",
      "name": "source",
      "provider": "provider[\"registry.terraform.io/hashicorp/archive\"]",
      "instances": [
        {
          "schema_version": 0,
          "attributes": {
            "excludes": null,
            "id": "a7dbdf1a8202037ffca4e506ff9e65b9afd4fffc",
            "output_base64sha256": "imTd8qE2ltAAB7wbm74GWvPmC2eTU0JPpw5C/b0mRAg=",
            "output_file_mode": null,
            "output_md5": "32d55635b3ba3b37a9e8caf6145a1d63",
            "output_path": "/tmp/function.zip",
            "output_sha": "a7dbdf1a8202037ffca4e506ff9e65b9afd4fffc",
            "output_size": 755850,
            "source": [],
            "source_content": null,
            "source_content_filename": null,
            "source_dir": "./app",
            "source_file": null,
            "type": "zip"
          },
          "sensitive_attributes": []
        }
      ]
    },
    {
      "mode": "managed",
      "type": "google_storage_bucket",
      "name": "bucket",
      "provider": "provider[\"registry.terraform.io/hashicorp/google-beta\"]",
      "instances": [
        {
          "schema_version": 0,
          "attributes": {
            "cors": [],
            "default_event_based_hold": false,
            "encryption": [],
            "force_destroy": false,
            "id": "cloudfunctions2-function-bucket-bucket",
            "labels": {},
            "lifecycle_rule": [],
            "location": "US",
            "logging": [],
            "name": "cloudfunctions2-function-bucket-bucket",
            "project": "wellnecitydemo",
            "public_access_prevention": "inherited",
            "requester_pays": false,
            "retention_policy": [],
            "self_link": "https://www.googleapis.com/storage/v1/b/cloudfunctions2-function-bucket-bucket",
            "storage_class": "STANDARD",
            "timeouts": null,
            "uniform_bucket_level_access": true,
            "url": "gs://cloudfunctions2-function-bucket-bucket",
            "versioning": [],
            "website": []
          },
          "sensitive_attributes": [],
          "private": "eyJlMmJmYjczMC1lY2FhLTExZTYtOGY4OC0zNDM2M2JjN2M0YzAiOnsiY3JlYXRlIjoyNDAwMDAwMDAwMDAsInJlYWQiOjI0MDAwMDAwMDAwMCwidXBkYXRlIjoyNDAwMDAwMDAwMDB9fQ=="
        }
      ]
    },
    {
      "mode": "managed",
      "type": "google_storage_bucket_object",
      "name": "object",
      "provider": "provider[\"registry.terraform.io/hashicorp/google-beta\"]",
      "instances": [
        {
          "schema_version": 0,
          "attributes": {
            "bucket": "cloudfunctions2-function-bucket-bucket",
            "cache_control": "",
            "content": null,
            "content_disposition": "",
            "content_encoding": "",
            "content_language": "",
            "content_type": "application/zip",
            "crc32c": "hqab4w==",
            "customer_encryption": [],
            "detect_md5hash": "MtVWNbO6Ozep6Mr2FFodYw==",
            "event_based_hold": false,
            "id": "cloudfunctions2-function-bucket-bucket-Function from Terraform",
            "kms_key_name": "",
            "md5hash": "MtVWNbO6Ozep6Mr2FFodYw==",
            "media_link": "https://storage.googleapis.com/download/storage/v1/b/cloudfunctions2-function-bucket-bucket/o/Function%20from%20Terraform?generation=1657560163164810\u0026alt=media",
            "metadata": null,
            "name": "Function from Terraform",
            "output_name": "Function from Terraform",
            "self_link": "https://www.googleapis.com/storage/v1/b/cloudfunctions2-function-bucket-bucket/o/Function%20from%20Terraform",
            "source": "/tmp/function.zip",
            "storage_class": "STANDARD",
            "temporary_hold": false,
            "timeouts": null
          },
          "sensitive_attributes": [],
          "private": "eyJlMmJmYjczMC1lY2FhLTExZTYtOGY4OC0zNDM2M2JjN2M0YzAiOnsiY3JlYXRlIjoyNDAwMDAwMDAwMDAsImRlbGV0ZSI6MjQwMDAwMDAwMDAwLCJ1cGRhdGUiOjI0MDAwMDAwMDAwMH19",
          "dependencies": [
            "data.archive_file.source",
            "google_storage_bucket.bucket"
          ]
        }
      ]
    }
  ]
}
